Microsoft Visual Studio Solution File, Format Version 12.00
# Visual Studio Version 16
VisualStudioVersion = 16.0.30621.155
MinimumVisualStudioVersion = 15.0.26124.0
Project("{9A19103F-16F7-4668-BE54-9A1E7A4F7556}") = "Tochka.JsonRpc.V1.Client", "v1\Tochka.JsonRpc.V1.Client\Tochka.JsonRpc.V1.Client.csproj", "{8BA87BD9-A9E6-450D-8E48-004624425D45}"
EndProject
Project("{9A19103F-16F7-4668-BE54-9A1E7A4F7556}") = "Tochka.JsonRpc.V1.Common", "v1\Tochka.JsonRpc.V1.Common\Tochka.JsonRpc.V1.Common.csproj", "{819815AE-4A59-4A1C-BE0C-D69BFC89E8CD}"
EndProject
Project("{9A19103F-16F7-4668-BE54-9A1E7A4F7556}") = "Tochka.JsonRpc.V1.Server", "v1\Tochka.JsonRpc.V1.Server\Tochka.JsonRpc.V1.Server.csproj", "{40FE6400-7AE6-49CC-892A-394531AE1782}"
EndProject
Project("{2150E333-8FDC-42A3-9474-1A3956D46DE8}") = "tests", "v1\tests", "{93D7EE53-F1D6-4794-92F9-E8DF8908DC9F}"
EndProject
Project("{9A19103F-16F7-4668-BE54-9A1E7A4F7556}") = "Tochka.JsonRpc.V1.Client.Tests", "v1\tests\Tochka.JsonRpc.V1.Client.Tests\Tochka.JsonRpc.V1.Client.Tests.csproj", "{706FD81A-CF12-4A64-8CD6-003578AABCA3}"
EndProject
Project("{9A19103F-16F7-4668-BE54-9A1E7A4F7556}") = "Tochka.JsonRpc.V1.Common.Tests", "v1\tests\Tochka.JsonRpc.V1.Common.Tests\Tochka.JsonRpc.V1.Common.Tests.csproj", "{B518A8CC-69DD-4D9D-A9BB-5B124E02EEC4}"
EndProject
Project("{9A19103F-16F7-4668-BE54-9A1E7A4F7556}") = "Tochka.JsonRpc.V1.Server.IntegrationTests", "v1\tests\Tochka.JsonRpc.V1.Server.IntegrationTests\Tochka.JsonRpc.V1.Server.IntegrationTests.csproj", "{633F684F-8B51-4703-94E6-F5464CE2026C}"
EndProject
Project("{9A19103F-16F7-4668-BE54-9A1E7A4F7556}") = "Tochka.JsonRpc.V1.Server.Tests", "v1\tests\Tochka.JsonRpc.V1.Server.Tests\Tochka.JsonRpc.V1.Server.Tests.csproj", "{DA967643-64DA-4DB8-A247-72F4343A1DA1}"
EndProject
Project("{9A19103F-16F7-4668-BE54-9A1E7A4F7556}") = "Tochka.JsonRpc.V1.OpenRpc", "v1\Tochka.JsonRpc.V1.OpenRpc\Tochka.JsonRpc.V1.OpenRpc.csproj", "{0CA9FFB2-2026-4804-B11C-16F5751A4C1E}"
EndProject
Project("{9A19103F-16F7-4668-BE54-9A1E7A4F7556}") = "Tochka.JsonRpc.V1.Swagger", "v1\Tochka.JsonRpc.V1.Swagger\Tochka.JsonRpc.V1.Swagger.csproj", "{5881CA6C-93A1-4A1F-A305-8F124B521324}"
EndProject
Project("{9A19103F-16F7-4668-BE54-9A1E7A4F7556}") = "Tochka.JsonRpc.V1.ApiExplorer", "v1\Tochka.JsonRpc.V1.ApiExplorer\Tochka.JsonRpc.V1.ApiExplorer.csproj", "{8BA1DC7F-09EF-4283-9C09-BA172792321A}"
EndProject
Project("{2150E333-8FDC-42A3-9474-1A3956D46DE8}") = "v1", "v1", "{FCB8400B-DE65-4C00-94E8-8964AA2ECF0B}"
EndProject
Project("{2150E333-8FDC-42A3-9474-1A3956D46DE8}") = "tests", "tests", "{760AE7BD-53FC-40E8-867B-57C5677090F2}"
EndProject
Project("{FAE04EC0-301F-11D3-BF4B-00C04F79EFBC}") = "Tochka.JsonRpc.Client.Tests.Integration", "tests\Tochka.JsonRpc.Client.Tests.Integration\Tochka.JsonRpc.Client.Tests.Integration.csproj", "{DD7909CA-200E-4CB8-9EA0-CAA21A74D950}"
EndProject
Project("{FAE04EC0-301F-11D3-BF4B-00C04F79EFBC}") = "Tochka.JsonRpc.TestUtils.Integration", "tests\Tochka.JsonRpc.TestUtils.Integration\Tochka.JsonRpc.TestUtils.Integration.csproj", "{2A32E159-8FE1-4984-968B-3AAF1C7933E5}"
EndProject
Project("{FAE04EC0-301F-11D3-BF4B-00C04F79EFBC}") = "Tochka.JsonRpc.Tests.WebApplication", "tests\Tochka.JsonRpc.Tests.WebApplication\Tochka.JsonRpc.Tests.WebApplication.csproj", "{09ED9368-11F5-4F81-8262-AC64CC62840C}"
EndProject
Project("{FAE04EC0-301F-11D3-BF4B-00C04F79EFBC}") = "Tochka.JsonRpc.Server.Tests.Integration", "tests\Tochka.JsonRpc.Server.Tests.Integration\Tochka.JsonRpc.Server.Tests.Integration.csproj", "{1B72ABB5-420B-4DEF-91D0-58A8CE95D5B1}"
EndProject
Project("{FAE04EC0-301F-11D3-BF4B-00C04F79EFBC}") = "Tochka.JsonRpc.Client", "Tochka.JsonRpc.Client\Tochka.JsonRpc.Client.csproj", "{8A81C7B7-0DDC-4EFE-9393-DC0C582E64C5}"
EndProject
Project("{FAE04EC0-301F-11D3-BF4B-00C04F79EFBC}") = "Tochka.JsonRpc.Common", "Tochka.JsonRpc.Common\Tochka.JsonRpc.Common.csproj", "{5C9D16B1-757D-4518-9CD5-D941E70CF536}"
EndProject
Project("{FAE04EC0-301F-11D3-BF4B-00C04F79EFBC}") = "Tochka.JsonRpc.Common.Tests", "tests\Tochka.JsonRpc.Common.Tests\Tochka.JsonRpc.Common.Tests.csproj", "{8F0A560B-C2A5-43BC-9C7C-2B903EEC8815}"
EndProject
Project("{FAE04EC0-301F-11D3-BF4B-00C04F79EFBC}") = "Tochka.JsonRpc.TestUtils", "tests\Tochka.JsonRpc.TestUtils\Tochka.JsonRpc.TestUtils.csproj", "{B10600AB-100A-4396-9073-0013C69783EE}"
EndProject
Project("{FAE04EC0-301F-11D3-BF4B-00C04F79EFBC}") = "Tochka.JsonRpc.Server", "Tochka.JsonRpc.Server\Tochka.JsonRpc.Server.csproj", "{66B18873-1121-4FFE-BA1A-C096CE7E2DA8}"
EndProject
Project("{FAE04EC0-301F-11D3-BF4B-00C04F79EFBC}") = "Tochka.JsonRpc.ApiExplorer", "Tochka.JsonRpc.ApiExplorer\Tochka.JsonRpc.ApiExplorer.csproj", "{C4E3975E-1A63-4853-9522-8AEC3DD6EDBB}"
EndProject
Project("{FAE04EC0-301F-11D3-BF4B-00C04F79EFBC}") = "Tochka.JsonRpc.Swagger", "Tochka.JsonRpc.Swagger\Tochka.JsonRpc.Swagger.csproj", "{30519822-46A5-4042-B2A4-76AE5B5344BC}"
EndProject
Project("{FAE04EC0-301F-11D3-BF4B-00C04F79EFBC}") = "Tochka.JsonRpc.OpenRpc", "Tochka.JsonRpc.OpenRpc\Tochka.JsonRpc.OpenRpc.csproj", "{D59B163E-BDD4-468F-94B6-962EDD6F8A3E}"
EndProject
Project("{2150E333-8FDC-42A3-9474-1A3956D46DE8}") = "benchmarks", "benchmarks", "{A319F394-36D7-4357-ABCD-842C24B7381B}"
EndProject
Project("{FAE04EC0-301F-11D3-BF4B-00C04F79EFBC}") = "Tochka.JsonRpc.Benchmarks", "benchmarks\Tochka.JsonRpc.Benchmarks\Tochka.JsonRpc.Benchmarks.csproj", "{92A17123-89C0-42A3-8150-76CD13038FE3}"
EndProject
Project("{FAE04EC0-301F-11D3-BF4B-00C04F79EFBC}") = "Tochka.JsonRpc.Benchmarks.EdjCaseApp", "benchmarks\Tochka.JsonRpc.Benchmarks.EdjCaseApp\Tochka.JsonRpc.Benchmarks.EdjCaseApp.csproj", "{76503EB8-27A0-49CE-86E8-726B5A270C9D}"
EndProject
Project("{FAE04EC0-301F-11D3-BF4B-00C04F79EFBC}") = "Tochka.JsonRpc.Benchmarks.NewWebApp", "benchmarks\Tochka.JsonRpc.Benchmarks.NewWebApp\Tochka.JsonRpc.Benchmarks.NewWebApp.csproj", "{1B7EF1FD-82D1-494E-A381-4B94C0465D9C}"
EndProject
Project("{FAE04EC0-301F-11D3-BF4B-00C04F79EFBC}") = "Tochka.JsonRpc.Benchmarks.OldWebApp", "benchmarks\Tochka.JsonRpc.Benchmarks.OldWebApp\Tochka.JsonRpc.Benchmarks.OldWebApp.csproj", "{53DBF5A4-0B6E-4FF8-909D-0FF306751C60}"
EndProject
Global
	GlobalSection(SolutionConfigurationPlatforms) = preSolution
		Debug|Any CPU = Debug|Any CPU
		Debug|x64 = Debug|x64
		Debug|x86 = Debug|x86
		Release|Any CPU = Release|Any CPU
		Release|x64 = Release|x64
		Release|x86 = Release|x86
	EndGlobalSection
	GlobalSection(ProjectConfigurationPlatforms) = postSolution
		{8BA87BD9-A9E6-450D-8E48-004624425D45}.Debug|Any CPU.ActiveCfg = Debug|Any CPU
		{8BA87BD9-A9E6-450D-8E48-004624425D45}.Debug|Any CPU.Build.0 = Debug|Any CPU
		{8BA87BD9-A9E6-450D-8E48-004624425D45}.Debug|x64.ActiveCfg = Debug|Any CPU
		{8BA87BD9-A9E6-450D-8E48-004624425D45}.Debug|x64.Build.0 = Debug|Any CPU
		{8BA87BD9-A9E6-450D-8E48-004624425D45}.Debug|x86.ActiveCfg = Debug|Any CPU
		{8BA87BD9-A9E6-450D-8E48-004624425D45}.Debug|x86.Build.0 = Debug|Any CPU
		{8BA87BD9-A9E6-450D-8E48-004624425D45}.Release|Any CPU.ActiveCfg = Release|Any CPU
		{8BA87BD9-A9E6-450D-8E48-004624425D45}.Release|Any CPU.Build.0 = Release|Any CPU
		{8BA87BD9-A9E6-450D-8E48-004624425D45}.Release|x64.ActiveCfg = Release|Any CPU
		{8BA87BD9-A9E6-450D-8E48-004624425D45}.Release|x64.Build.0 = Release|Any CPU
		{8BA87BD9-A9E6-450D-8E48-004624425D45}.Release|x86.ActiveCfg = Release|Any CPU
		{8BA87BD9-A9E6-450D-8E48-004624425D45}.Release|x86.Build.0 = Release|Any CPU
		{819815AE-4A59-4A1C-BE0C-D69BFC89E8CD}.Debug|Any CPU.ActiveCfg = Debug|Any CPU
		{819815AE-4A59-4A1C-BE0C-D69BFC89E8CD}.Debug|Any CPU.Build.0 = Debug|Any CPU
		{819815AE-4A59-4A1C-BE0C-D69BFC89E8CD}.Debug|x64.ActiveCfg = Debug|Any CPU
		{819815AE-4A59-4A1C-BE0C-D69BFC89E8CD}.Debug|x64.Build.0 = Debug|Any CPU
		{819815AE-4A59-4A1C-BE0C-D69BFC89E8CD}.Debug|x86.ActiveCfg = Debug|Any CPU
		{819815AE-4A59-4A1C-BE0C-D69BFC89E8CD}.Debug|x86.Build.0 = Debug|Any CPU
		{819815AE-4A59-4A1C-BE0C-D69BFC89E8CD}.Release|Any CPU.ActiveCfg = Release|Any CPU
		{819815AE-4A59-4A1C-BE0C-D69BFC89E8CD}.Release|Any CPU.Build.0 = Release|Any CPU
		{819815AE-4A59-4A1C-BE0C-D69BFC89E8CD}.Release|x64.ActiveCfg = Release|Any CPU
		{819815AE-4A59-4A1C-BE0C-D69BFC89E8CD}.Release|x64.Build.0 = Release|Any CPU
		{819815AE-4A59-4A1C-BE0C-D69BFC89E8CD}.Release|x86.ActiveCfg = Release|Any CPU
		{819815AE-4A59-4A1C-BE0C-D69BFC89E8CD}.Release|x86.Build.0 = Release|Any CPU
		{40FE6400-7AE6-49CC-892A-394531AE1782}.Debug|Any CPU.ActiveCfg = Debug|Any CPU
		{40FE6400-7AE6-49CC-892A-394531AE1782}.Debug|Any CPU.Build.0 = Debug|Any CPU
		{40FE6400-7AE6-49CC-892A-394531AE1782}.Debug|x64.ActiveCfg = Debug|Any CPU
		{40FE6400-7AE6-49CC-892A-394531AE1782}.Debug|x64.Build.0 = Debug|Any CPU
		{40FE6400-7AE6-49CC-892A-394531AE1782}.Debug|x86.ActiveCfg = Debug|Any CPU
		{40FE6400-7AE6-49CC-892A-394531AE1782}.Debug|x86.Build.0 = Debug|Any CPU
		{40FE6400-7AE6-49CC-892A-394531AE1782}.Release|Any CPU.ActiveCfg = Release|Any CPU
		{40FE6400-7AE6-49CC-892A-394531AE1782}.Release|Any CPU.Build.0 = Release|Any CPU
		{40FE6400-7AE6-49CC-892A-394531AE1782}.Release|x64.ActiveCfg = Release|Any CPU
		{40FE6400-7AE6-49CC-892A-394531AE1782}.Release|x64.Build.0 = Release|Any CPU
		{40FE6400-7AE6-49CC-892A-394531AE1782}.Release|x86.ActiveCfg = Release|Any CPU
		{40FE6400-7AE6-49CC-892A-394531AE1782}.Release|x86.Build.0 = Release|Any CPU
		{706FD81A-CF12-4A64-8CD6-003578AABCA3}.Debug|Any CPU.ActiveCfg = Debug|Any CPU
		{706FD81A-CF12-4A64-8CD6-003578AABCA3}.Debug|Any CPU.Build.0 = Debug|Any CPU
		{706FD81A-CF12-4A64-8CD6-003578AABCA3}.Debug|x64.ActiveCfg = Debug|Any CPU
		{706FD81A-CF12-4A64-8CD6-003578AABCA3}.Debug|x64.Build.0 = Debug|Any CPU
		{706FD81A-CF12-4A64-8CD6-003578AABCA3}.Debug|x86.ActiveCfg = Debug|Any CPU
		{706FD81A-CF12-4A64-8CD6-003578AABCA3}.Debug|x86.Build.0 = Debug|Any CPU
		{706FD81A-CF12-4A64-8CD6-003578AABCA3}.Release|Any CPU.ActiveCfg = Release|Any CPU
		{706FD81A-CF12-4A64-8CD6-003578AABCA3}.Release|Any CPU.Build.0 = Release|Any CPU
		{706FD81A-CF12-4A64-8CD6-003578AABCA3}.Release|x64.ActiveCfg = Release|Any CPU
		{706FD81A-CF12-4A64-8CD6-003578AABCA3}.Release|x64.Build.0 = Release|Any CPU
		{706FD81A-CF12-4A64-8CD6-003578AABCA3}.Release|x86.ActiveCfg = Release|Any CPU
		{706FD81A-CF12-4A64-8CD6-003578AABCA3}.Release|x86.Build.0 = Release|Any CPU
		{B518A8CC-69DD-4D9D-A9BB-5B124E02EEC4}.Debug|Any CPU.ActiveCfg = Debug|Any CPU
		{B518A8CC-69DD-4D9D-A9BB-5B124E02EEC4}.Debug|Any CPU.Build.0 = Debug|Any CPU
		{B518A8CC-69DD-4D9D-A9BB-5B124E02EEC4}.Debug|x64.ActiveCfg = Debug|Any CPU
		{B518A8CC-69DD-4D9D-A9BB-5B124E02EEC4}.Debug|x64.Build.0 = Debug|Any CPU
		{B518A8CC-69DD-4D9D-A9BB-5B124E02EEC4}.Debug|x86.ActiveCfg = Debug|Any CPU
		{B518A8CC-69DD-4D9D-A9BB-5B124E02EEC4}.Debug|x86.Build.0 = Debug|Any CPU
		{B518A8CC-69DD-4D9D-A9BB-5B124E02EEC4}.Release|Any CPU.ActiveCfg = Release|Any CPU
		{B518A8CC-69DD-4D9D-A9BB-5B124E02EEC4}.Release|Any CPU.Build.0 = Release|Any CPU
		{B518A8CC-69DD-4D9D-A9BB-5B124E02EEC4}.Release|x64.ActiveCfg = Release|Any CPU
		{B518A8CC-69DD-4D9D-A9BB-5B124E02EEC4}.Release|x64.Build.0 = Release|Any CPU
		{B518A8CC-69DD-4D9D-A9BB-5B124E02EEC4}.Release|x86.ActiveCfg = Release|Any CPU
		{B518A8CC-69DD-4D9D-A9BB-5B124E02EEC4}.Release|x86.Build.0 = Release|Any CPU
		{633F684F-8B51-4703-94E6-F5464CE2026C}.Debug|Any CPU.ActiveCfg = Debug|Any CPU
		{633F684F-8B51-4703-94E6-F5464CE2026C}.Debug|Any CPU.Build.0 = Debug|Any CPU
		{633F684F-8B51-4703-94E6-F5464CE2026C}.Debug|x64.ActiveCfg = Debug|Any CPU
		{633F684F-8B51-4703-94E6-F5464CE2026C}.Debug|x64.Build.0 = Debug|Any CPU
		{633F684F-8B51-4703-94E6-F5464CE2026C}.Debug|x86.ActiveCfg = Debug|Any CPU
		{633F684F-8B51-4703-94E6-F5464CE2026C}.Debug|x86.Build.0 = Debug|Any CPU
		{633F684F-8B51-4703-94E6-F5464CE2026C}.Release|Any CPU.ActiveCfg = Release|Any CPU
		{633F684F-8B51-4703-94E6-F5464CE2026C}.Release|Any CPU.Build.0 = Release|Any CPU
		{633F684F-8B51-4703-94E6-F5464CE2026C}.Release|x64.ActiveCfg = Release|Any CPU
		{633F684F-8B51-4703-94E6-F5464CE2026C}.Release|x64.Build.0 = Release|Any CPU
		{633F684F-8B51-4703-94E6-F5464CE2026C}.Release|x86.ActiveCfg = Release|Any CPU
		{633F684F-8B51-4703-94E6-F5464CE2026C}.Release|x86.Build.0 = Release|Any CPU
		{DA967643-64DA-4DB8-A247-72F4343A1DA1}.Debug|Any CPU.ActiveCfg = Debug|Any CPU
		{DA967643-64DA-4DB8-A247-72F4343A1DA1}.Debug|Any CPU.Build.0 = Debug|Any CPU
		{DA967643-64DA-4DB8-A247-72F4343A1DA1}.Debug|x64.ActiveCfg = Debug|Any CPU
		{DA967643-64DA-4DB8-A247-72F4343A1DA1}.Debug|x64.Build.0 = Debug|Any CPU
		{DA967643-64DA-4DB8-A247-72F4343A1DA1}.Debug|x86.ActiveCfg = Debug|Any CPU
		{DA967643-64DA-4DB8-A247-72F4343A1DA1}.Debug|x86.Build.0 = Debug|Any CPU
		{DA967643-64DA-4DB8-A247-72F4343A1DA1}.Release|Any CPU.ActiveCfg = Release|Any CPU
		{DA967643-64DA-4DB8-A247-72F4343A1DA1}.Release|Any CPU.Build.0 = Release|Any CPU
		{DA967643-64DA-4DB8-A247-72F4343A1DA1}.Release|x64.ActiveCfg = Release|Any CPU
		{DA967643-64DA-4DB8-A247-72F4343A1DA1}.Release|x64.Build.0 = Release|Any CPU
		{DA967643-64DA-4DB8-A247-72F4343A1DA1}.Release|x86.ActiveCfg = Release|Any CPU
		{DA967643-64DA-4DB8-A247-72F4343A1DA1}.Release|x86.Build.0 = Release|Any CPU
		{0CA9FFB2-2026-4804-B11C-16F5751A4C1E}.Debug|Any CPU.ActiveCfg = Debug|Any CPU
		{0CA9FFB2-2026-4804-B11C-16F5751A4C1E}.Debug|Any CPU.Build.0 = Debug|Any CPU
		{0CA9FFB2-2026-4804-B11C-16F5751A4C1E}.Debug|x64.ActiveCfg = Debug|Any CPU
		{0CA9FFB2-2026-4804-B11C-16F5751A4C1E}.Debug|x64.Build.0 = Debug|Any CPU
		{0CA9FFB2-2026-4804-B11C-16F5751A4C1E}.Debug|x86.ActiveCfg = Debug|Any CPU
		{0CA9FFB2-2026-4804-B11C-16F5751A4C1E}.Debug|x86.Build.0 = Debug|Any CPU
		{0CA9FFB2-2026-4804-B11C-16F5751A4C1E}.Release|Any CPU.ActiveCfg = Release|Any CPU
		{0CA9FFB2-2026-4804-B11C-16F5751A4C1E}.Release|Any CPU.Build.0 = Release|Any CPU
		{0CA9FFB2-2026-4804-B11C-16F5751A4C1E}.Release|x64.ActiveCfg = Release|Any CPU
		{0CA9FFB2-2026-4804-B11C-16F5751A4C1E}.Release|x64.Build.0 = Release|Any CPU
		{0CA9FFB2-2026-4804-B11C-16F5751A4C1E}.Release|x86.ActiveCfg = Release|Any CPU
		{0CA9FFB2-2026-4804-B11C-16F5751A4C1E}.Release|x86.Build.0 = Release|Any CPU
		{5881CA6C-93A1-4A1F-A305-8F124B521324}.Debug|Any CPU.ActiveCfg = Debug|Any CPU
		{5881CA6C-93A1-4A1F-A305-8F124B521324}.Debug|Any CPU.Build.0 = Debug|Any CPU
		{5881CA6C-93A1-4A1F-A305-8F124B521324}.Debug|x64.ActiveCfg = Debug|Any CPU
		{5881CA6C-93A1-4A1F-A305-8F124B521324}.Debug|x64.Build.0 = Debug|Any CPU
		{5881CA6C-93A1-4A1F-A305-8F124B521324}.Debug|x86.ActiveCfg = Debug|Any CPU
		{5881CA6C-93A1-4A1F-A305-8F124B521324}.Debug|x86.Build.0 = Debug|Any CPU
		{5881CA6C-93A1-4A1F-A305-8F124B521324}.Release|Any CPU.ActiveCfg = Release|Any CPU
		{5881CA6C-93A1-4A1F-A305-8F124B521324}.Release|Any CPU.Build.0 = Release|Any CPU
		{5881CA6C-93A1-4A1F-A305-8F124B521324}.Release|x64.ActiveCfg = Release|Any CPU
		{5881CA6C-93A1-4A1F-A305-8F124B521324}.Release|x64.Build.0 = Release|Any CPU
		{5881CA6C-93A1-4A1F-A305-8F124B521324}.Release|x86.ActiveCfg = Release|Any CPU
		{5881CA6C-93A1-4A1F-A305-8F124B521324}.Release|x86.Build.0 = Release|Any CPU
		{8BA1DC7F-09EF-4283-9C09-BA172792321A}.Debug|Any CPU.ActiveCfg = Debug|Any CPU
		{8BA1DC7F-09EF-4283-9C09-BA172792321A}.Debug|Any CPU.Build.0 = Debug|Any CPU
		{8BA1DC7F-09EF-4283-9C09-BA172792321A}.Debug|x64.ActiveCfg = Debug|Any CPU
		{8BA1DC7F-09EF-4283-9C09-BA172792321A}.Debug|x64.Build.0 = Debug|Any CPU
		{8BA1DC7F-09EF-4283-9C09-BA172792321A}.Debug|x86.ActiveCfg = Debug|Any CPU
		{8BA1DC7F-09EF-4283-9C09-BA172792321A}.Debug|x86.Build.0 = Debug|Any CPU
		{8BA1DC7F-09EF-4283-9C09-BA172792321A}.Release|Any CPU.ActiveCfg = Release|Any CPU
		{8BA1DC7F-09EF-4283-9C09-BA172792321A}.Release|Any CPU.Build.0 = Release|Any CPU
		{8BA1DC7F-09EF-4283-9C09-BA172792321A}.Release|x64.ActiveCfg = Release|Any CPU
		{8BA1DC7F-09EF-4283-9C09-BA172792321A}.Release|x64.Build.0 = Release|Any CPU
		{8BA1DC7F-09EF-4283-9C09-BA172792321A}.Release|x86.ActiveCfg = Release|Any CPU
		{8BA1DC7F-09EF-4283-9C09-BA172792321A}.Release|x86.Build.0 = Release|Any CPU
		{DD7909CA-200E-4CB8-9EA0-CAA21A74D950}.Debug|Any CPU.ActiveCfg = Debug|Any CPU
		{DD7909CA-200E-4CB8-9EA0-CAA21A74D950}.Debug|Any CPU.Build.0 = Debug|Any CPU
		{DD7909CA-200E-4CB8-9EA0-CAA21A74D950}.Debug|x64.ActiveCfg = Debug|Any CPU
		{DD7909CA-200E-4CB8-9EA0-CAA21A74D950}.Debug|x64.Build.0 = Debug|Any CPU
		{DD7909CA-200E-4CB8-9EA0-CAA21A74D950}.Debug|x86.ActiveCfg = Debug|Any CPU
		{DD7909CA-200E-4CB8-9EA0-CAA21A74D950}.Debug|x86.Build.0 = Debug|Any CPU
		{DD7909CA-200E-4CB8-9EA0-CAA21A74D950}.Release|Any CPU.ActiveCfg = Release|Any CPU
		{DD7909CA-200E-4CB8-9EA0-CAA21A74D950}.Release|Any CPU.Build.0 = Release|Any CPU
		{DD7909CA-200E-4CB8-9EA0-CAA21A74D950}.Release|x64.ActiveCfg = Release|Any CPU
		{DD7909CA-200E-4CB8-9EA0-CAA21A74D950}.Release|x64.Build.0 = Release|Any CPU
		{DD7909CA-200E-4CB8-9EA0-CAA21A74D950}.Release|x86.ActiveCfg = Release|Any CPU
		{DD7909CA-200E-4CB8-9EA0-CAA21A74D950}.Release|x86.Build.0 = Release|Any CPU
		{2A32E159-8FE1-4984-968B-3AAF1C7933E5}.Debug|Any CPU.ActiveCfg = Debug|Any CPU
		{2A32E159-8FE1-4984-968B-3AAF1C7933E5}.Debug|Any CPU.Build.0 = Debug|Any CPU
		{2A32E159-8FE1-4984-968B-3AAF1C7933E5}.Debug|x64.ActiveCfg = Debug|Any CPU
		{2A32E159-8FE1-4984-968B-3AAF1C7933E5}.Debug|x64.Build.0 = Debug|Any CPU
		{2A32E159-8FE1-4984-968B-3AAF1C7933E5}.Debug|x86.ActiveCfg = Debug|Any CPU
		{2A32E159-8FE1-4984-968B-3AAF1C7933E5}.Debug|x86.Build.0 = Debug|Any CPU
		{2A32E159-8FE1-4984-968B-3AAF1C7933E5}.Release|Any CPU.ActiveCfg = Release|Any CPU
		{2A32E159-8FE1-4984-968B-3AAF1C7933E5}.Release|Any CPU.Build.0 = Release|Any CPU
		{2A32E159-8FE1-4984-968B-3AAF1C7933E5}.Release|x64.ActiveCfg = Release|Any CPU
		{2A32E159-8FE1-4984-968B-3AAF1C7933E5}.Release|x64.Build.0 = Release|Any CPU
		{2A32E159-8FE1-4984-968B-3AAF1C7933E5}.Release|x86.ActiveCfg = Release|Any CPU
		{2A32E159-8FE1-4984-968B-3AAF1C7933E5}.Release|x86.Build.0 = Release|Any CPU
		{09ED9368-11F5-4F81-8262-AC64CC62840C}.Debug|Any CPU.ActiveCfg = Debug|Any CPU
		{09ED9368-11F5-4F81-8262-AC64CC62840C}.Debug|Any CPU.Build.0 = Debug|Any CPU
		{09ED9368-11F5-4F81-8262-AC64CC62840C}.Debug|x64.ActiveCfg = Debug|Any CPU
		{09ED9368-11F5-4F81-8262-AC64CC62840C}.Debug|x64.Build.0 = Debug|Any CPU
		{09ED9368-11F5-4F81-8262-AC64CC62840C}.Debug|x86.ActiveCfg = Debug|Any CPU
		{09ED9368-11F5-4F81-8262-AC64CC62840C}.Debug|x86.Build.0 = Debug|Any CPU
		{09ED9368-11F5-4F81-8262-AC64CC62840C}.Release|Any CPU.ActiveCfg = Release|Any CPU
		{09ED9368-11F5-4F81-8262-AC64CC62840C}.Release|Any CPU.Build.0 = Release|Any CPU
		{09ED9368-11F5-4F81-8262-AC64CC62840C}.Release|x64.ActiveCfg = Release|Any CPU
		{09ED9368-11F5-4F81-8262-AC64CC62840C}.Release|x64.Build.0 = Release|Any CPU
		{09ED9368-11F5-4F81-8262-AC64CC62840C}.Release|x86.ActiveCfg = Release|Any CPU
		{09ED9368-11F5-4F81-8262-AC64CC62840C}.Release|x86.Build.0 = Release|Any CPU
		{1B72ABB5-420B-4DEF-91D0-58A8CE95D5B1}.Debug|Any CPU.ActiveCfg = Debug|Any CPU
		{1B72ABB5-420B-4DEF-91D0-58A8CE95D5B1}.Debug|Any CPU.Build.0 = Debug|Any CPU
		{1B72ABB5-420B-4DEF-91D0-58A8CE95D5B1}.Debug|x64.ActiveCfg = Debug|Any CPU
		{1B72ABB5-420B-4DEF-91D0-58A8CE95D5B1}.Debug|x64.Build.0 = Debug|Any CPU
		{1B72ABB5-420B-4DEF-91D0-58A8CE95D5B1}.Debug|x86.ActiveCfg = Debug|Any CPU
		{1B72ABB5-420B-4DEF-91D0-58A8CE95D5B1}.Debug|x86.Build.0 = Debug|Any CPU
		{1B72ABB5-420B-4DEF-91D0-58A8CE95D5B1}.Release|Any CPU.ActiveCfg = Release|Any CPU
		{1B72ABB5-420B-4DEF-91D0-58A8CE95D5B1}.Release|Any CPU.Build.0 = Release|Any CPU
		{1B72ABB5-420B-4DEF-91D0-58A8CE95D5B1}.Release|x64.ActiveCfg = Release|Any CPU
		{1B72ABB5-420B-4DEF-91D0-58A8CE95D5B1}.Release|x64.Build.0 = Release|Any CPU
		{1B72ABB5-420B-4DEF-91D0-58A8CE95D5B1}.Release|x86.ActiveCfg = Release|Any CPU
		{1B72ABB5-420B-4DEF-91D0-58A8CE95D5B1}.Release|x86.Build.0 = Release|Any CPU
		{8A81C7B7-0DDC-4EFE-9393-DC0C582E64C5}.Debug|Any CPU.ActiveCfg = Debug|Any CPU
		{8A81C7B7-0DDC-4EFE-9393-DC0C582E64C5}.Debug|Any CPU.Build.0 = Debug|Any CPU
		{8A81C7B7-0DDC-4EFE-9393-DC0C582E64C5}.Debug|x64.ActiveCfg = Debug|Any CPU
		{8A81C7B7-0DDC-4EFE-9393-DC0C582E64C5}.Debug|x64.Build.0 = Debug|Any CPU
		{8A81C7B7-0DDC-4EFE-9393-DC0C582E64C5}.Debug|x86.ActiveCfg = Debug|Any CPU
		{8A81C7B7-0DDC-4EFE-9393-DC0C582E64C5}.Debug|x86.Build.0 = Debug|Any CPU
		{8A81C7B7-0DDC-4EFE-9393-DC0C582E64C5}.Release|Any CPU.ActiveCfg = Release|Any CPU
		{8A81C7B7-0DDC-4EFE-9393-DC0C582E64C5}.Release|Any CPU.Build.0 = Release|Any CPU
		{8A81C7B7-0DDC-4EFE-9393-DC0C582E64C5}.Release|x64.ActiveCfg = Release|Any CPU
		{8A81C7B7-0DDC-4EFE-9393-DC0C582E64C5}.Release|x64.Build.0 = Release|Any CPU
		{8A81C7B7-0DDC-4EFE-9393-DC0C582E64C5}.Release|x86.ActiveCfg = Release|Any CPU
		{8A81C7B7-0DDC-4EFE-9393-DC0C582E64C5}.Release|x86.Build.0 = Release|Any CPU
		{5C9D16B1-757D-4518-9CD5-D941E70CF536}.Debug|Any CPU.ActiveCfg = Debug|Any CPU
		{5C9D16B1-757D-4518-9CD5-D941E70CF536}.Debug|Any CPU.Build.0 = Debug|Any CPU
		{5C9D16B1-757D-4518-9CD5-D941E70CF536}.Debug|x64.ActiveCfg = Debug|Any CPU
		{5C9D16B1-757D-4518-9CD5-D941E70CF536}.Debug|x64.Build.0 = Debug|Any CPU
		{5C9D16B1-757D-4518-9CD5-D941E70CF536}.Debug|x86.ActiveCfg = Debug|Any CPU
		{5C9D16B1-757D-4518-9CD5-D941E70CF536}.Debug|x86.Build.0 = Debug|Any CPU
		{5C9D16B1-757D-4518-9CD5-D941E70CF536}.Release|Any CPU.ActiveCfg = Release|Any CPU
		{5C9D16B1-757D-4518-9CD5-D941E70CF536}.Release|Any CPU.Build.0 = Release|Any CPU
		{5C9D16B1-757D-4518-9CD5-D941E70CF536}.Release|x64.ActiveCfg = Release|Any CPU
		{5C9D16B1-757D-4518-9CD5-D941E70CF536}.Release|x64.Build.0 = Release|Any CPU
		{5C9D16B1-757D-4518-9CD5-D941E70CF536}.Release|x86.ActiveCfg = Release|Any CPU
		{5C9D16B1-757D-4518-9CD5-D941E70CF536}.Release|x86.Build.0 = Release|Any CPU
		{8F0A560B-C2A5-43BC-9C7C-2B903EEC8815}.Debug|Any CPU.ActiveCfg = Debug|Any CPU
		{8F0A560B-C2A5-43BC-9C7C-2B903EEC8815}.Debug|Any CPU.Build.0 = Debug|Any CPU
		{8F0A560B-C2A5-43BC-9C7C-2B903EEC8815}.Debug|x64.ActiveCfg = Debug|Any CPU
		{8F0A560B-C2A5-43BC-9C7C-2B903EEC8815}.Debug|x64.Build.0 = Debug|Any CPU
		{8F0A560B-C2A5-43BC-9C7C-2B903EEC8815}.Debug|x86.ActiveCfg = Debug|Any CPU
		{8F0A560B-C2A5-43BC-9C7C-2B903EEC8815}.Debug|x86.Build.0 = Debug|Any CPU
		{8F0A560B-C2A5-43BC-9C7C-2B903EEC8815}.Release|Any CPU.ActiveCfg = Release|Any CPU
		{8F0A560B-C2A5-43BC-9C7C-2B903EEC8815}.Release|Any CPU.Build.0 = Release|Any CPU
		{8F0A560B-C2A5-43BC-9C7C-2B903EEC8815}.Release|x64.ActiveCfg = Release|Any CPU
		{8F0A560B-C2A5-43BC-9C7C-2B903EEC8815}.Release|x64.Build.0 = Release|Any CPU
		{8F0A560B-C2A5-43BC-9C7C-2B903EEC8815}.Release|x86.ActiveCfg = Release|Any CPU
		{8F0A560B-C2A5-43BC-9C7C-2B903EEC8815}.Release|x86.Build.0 = Release|Any CPU
		{B10600AB-100A-4396-9073-0013C69783EE}.Debug|Any CPU.ActiveCfg = Debug|Any CPU
		{B10600AB-100A-4396-9073-0013C69783EE}.Debug|Any CPU.Build.0 = Debug|Any CPU
		{B10600AB-100A-4396-9073-0013C69783EE}.Debug|x64.ActiveCfg = Debug|Any CPU
		{B10600AB-100A-4396-9073-0013C69783EE}.Debug|x64.Build.0 = Debug|Any CPU
		{B10600AB-100A-4396-9073-0013C69783EE}.Debug|x86.ActiveCfg = Debug|Any CPU
		{B10600AB-100A-4396-9073-0013C69783EE}.Debug|x86.Build.0 = Debug|Any CPU
		{B10600AB-100A-4396-9073-0013C69783EE}.Release|Any CPU.ActiveCfg = Release|Any CPU
		{B10600AB-100A-4396-9073-0013C69783EE}.Release|Any CPU.Build.0 = Release|Any CPU
		{B10600AB-100A-4396-9073-0013C69783EE}.Release|x64.ActiveCfg = Release|Any CPU
		{B10600AB-100A-4396-9073-0013C69783EE}.Release|x64.Build.0 = Release|Any CPU
		{B10600AB-100A-4396-9073-0013C69783EE}.Release|x86.ActiveCfg = Release|Any CPU
		{B10600AB-100A-4396-9073-0013C69783EE}.Release|x86.Build.0 = Release|Any CPU
		{66B18873-1121-4FFE-BA1A-C096CE7E2DA8}.Debug|Any CPU.ActiveCfg = Debug|Any CPU
		{66B18873-1121-4FFE-BA1A-C096CE7E2DA8}.Debug|Any CPU.Build.0 = Debug|Any CPU
		{66B18873-1121-4FFE-BA1A-C096CE7E2DA8}.Debug|x64.ActiveCfg = Debug|Any CPU
		{66B18873-1121-4FFE-BA1A-C096CE7E2DA8}.Debug|x64.Build.0 = Debug|Any CPU
		{66B18873-1121-4FFE-BA1A-C096CE7E2DA8}.Debug|x86.ActiveCfg = Debug|Any CPU
		{66B18873-1121-4FFE-BA1A-C096CE7E2DA8}.Debug|x86.Build.0 = Debug|Any CPU
		{66B18873-1121-4FFE-BA1A-C096CE7E2DA8}.Release|Any CPU.ActiveCfg = Release|Any CPU
		{66B18873-1121-4FFE-BA1A-C096CE7E2DA8}.Release|Any CPU.Build.0 = Release|Any CPU
		{66B18873-1121-4FFE-BA1A-C096CE7E2DA8}.Release|x64.ActiveCfg = Release|Any CPU
		{66B18873-1121-4FFE-BA1A-C096CE7E2DA8}.Release|x64.Build.0 = Release|Any CPU
		{66B18873-1121-4FFE-BA1A-C096CE7E2DA8}.Release|x86.ActiveCfg = Release|Any CPU
		{66B18873-1121-4FFE-BA1A-C096CE7E2DA8}.Release|x86.Build.0 = Release|Any CPU
		{C4E3975E-1A63-4853-9522-8AEC3DD6EDBB}.Debug|Any CPU.ActiveCfg = Debug|Any CPU
		{C4E3975E-1A63-4853-9522-8AEC3DD6EDBB}.Debug|Any CPU.Build.0 = Debug|Any CPU
		{C4E3975E-1A63-4853-9522-8AEC3DD6EDBB}.Debug|x64.ActiveCfg = Debug|Any CPU
		{C4E3975E-1A63-4853-9522-8AEC3DD6EDBB}.Debug|x64.Build.0 = Debug|Any CPU
		{C4E3975E-1A63-4853-9522-8AEC3DD6EDBB}.Debug|x86.ActiveCfg = Debug|Any CPU
		{C4E3975E-1A63-4853-9522-8AEC3DD6EDBB}.Debug|x86.Build.0 = Debug|Any CPU
		{C4E3975E-1A63-4853-9522-8AEC3DD6EDBB}.Release|Any CPU.ActiveCfg = Release|Any CPU
		{C4E3975E-1A63-4853-9522-8AEC3DD6EDBB}.Release|Any CPU.Build.0 = Release|Any CPU
		{C4E3975E-1A63-4853-9522-8AEC3DD6EDBB}.Release|x64.ActiveCfg = Release|Any CPU
		{C4E3975E-1A63-4853-9522-8AEC3DD6EDBB}.Release|x64.Build.0 = Release|Any CPU
		{C4E3975E-1A63-4853-9522-8AEC3DD6EDBB}.Release|x86.ActiveCfg = Release|Any CPU
		{C4E3975E-1A63-4853-9522-8AEC3DD6EDBB}.Release|x86.Build.0 = Release|Any CPU
		{30519822-46A5-4042-B2A4-76AE5B5344BC}.Debug|Any CPU.ActiveCfg = Debug|Any CPU
		{30519822-46A5-4042-B2A4-76AE5B5344BC}.Debug|Any CPU.Build.0 = Debug|Any CPU
		{30519822-46A5-4042-B2A4-76AE5B5344BC}.Debug|x64.ActiveCfg = Debug|Any CPU
		{30519822-46A5-4042-B2A4-76AE5B5344BC}.Debug|x64.Build.0 = Debug|Any CPU
		{30519822-46A5-4042-B2A4-76AE5B5344BC}.Debug|x86.ActiveCfg = Debug|Any CPU
		{30519822-46A5-4042-B2A4-76AE5B5344BC}.Debug|x86.Build.0 = Debug|Any CPU
		{30519822-46A5-4042-B2A4-76AE5B5344BC}.Release|Any CPU.ActiveCfg = Release|Any CPU
		{30519822-46A5-4042-B2A4-76AE5B5344BC}.Release|Any CPU.Build.0 = Release|Any CPU
		{30519822-46A5-4042-B2A4-76AE5B5344BC}.Release|x64.ActiveCfg = Release|Any CPU
		{30519822-46A5-4042-B2A4-76AE5B5344BC}.Release|x64.Build.0 = Release|Any CPU
		{30519822-46A5-4042-B2A4-76AE5B5344BC}.Release|x86.ActiveCfg = Release|Any CPU
		{30519822-46A5-4042-B2A4-76AE5B5344BC}.Release|x86.Build.0 = Release|Any CPU
		{D59B163E-BDD4-468F-94B6-962EDD6F8A3E}.Debug|Any CPU.ActiveCfg = Debug|Any CPU
		{D59B163E-BDD4-468F-94B6-962EDD6F8A3E}.Debug|Any CPU.Build.0 = Debug|Any CPU
		{D59B163E-BDD4-468F-94B6-962EDD6F8A3E}.Debug|x64.ActiveCfg = Debug|Any CPU
		{D59B163E-BDD4-468F-94B6-962EDD6F8A3E}.Debug|x64.Build.0 = Debug|Any CPU
		{D59B163E-BDD4-468F-94B6-962EDD6F8A3E}.Debug|x86.ActiveCfg = Debug|Any CPU
		{D59B163E-BDD4-468F-94B6-962EDD6F8A3E}.Debug|x86.Build.0 = Debug|Any CPU
		{D59B163E-BDD4-468F-94B6-962EDD6F8A3E}.Release|Any CPU.ActiveCfg = Release|Any CPU
		{D59B163E-BDD4-468F-94B6-962EDD6F8A3E}.Release|Any CPU.Build.0 = Release|Any CPU
		{D59B163E-BDD4-468F-94B6-962EDD6F8A3E}.Release|x64.ActiveCfg = Release|Any CPU
		{D59B163E-BDD4-468F-94B6-962EDD6F8A3E}.Release|x64.Build.0 = Release|Any CPU
		{D59B163E-BDD4-468F-94B6-962EDD6F8A3E}.Release|x86.ActiveCfg = Release|Any CPU
		{D59B163E-BDD4-468F-94B6-962EDD6F8A3E}.Release|x86.Build.0 = Release|Any CPU
		{92A17123-89C0-42A3-8150-76CD13038FE3}.Debug|Any CPU.ActiveCfg = Debug|Any CPU
		{92A17123-89C0-42A3-8150-76CD13038FE3}.Debug|Any CPU.Build.0 = Debug|Any CPU
		{92A17123-89C0-42A3-8150-76CD13038FE3}.Debug|x64.ActiveCfg = Debug|Any CPU
		{92A17123-89C0-42A3-8150-76CD13038FE3}.Debug|x64.Build.0 = Debug|Any CPU
		{92A17123-89C0-42A3-8150-76CD13038FE3}.Debug|x86.ActiveCfg = Debug|Any CPU
		{92A17123-89C0-42A3-8150-76CD13038FE3}.Debug|x86.Build.0 = Debug|Any CPU
		{92A17123-89C0-42A3-8150-76CD13038FE3}.Release|Any CPU.ActiveCfg = Release|Any CPU
		{92A17123-89C0-42A3-8150-76CD13038FE3}.Release|Any CPU.Build.0 = Release|Any CPU
		{92A17123-89C0-42A3-8150-76CD13038FE3}.Release|x64.ActiveCfg = Release|Any CPU
		{92A17123-89C0-42A3-8150-76CD13038FE3}.Release|x64.Build.0 = Release|Any CPU
		{92A17123-89C0-42A3-8150-76CD13038FE3}.Release|x86.ActiveCfg = Release|Any CPU
		{92A17123-89C0-42A3-8150-76CD13038FE3}.Release|x86.Build.0 = Release|Any CPU
		{76503EB8-27A0-49CE-86E8-726B5A270C9D}.Debug|Any CPU.ActiveCfg = Debug|Any CPU
		{76503EB8-27A0-49CE-86E8-726B5A270C9D}.Debug|Any CPU.Build.0 = Debug|Any CPU
		{76503EB8-27A0-49CE-86E8-726B5A270C9D}.Debug|x64.ActiveCfg = Debug|Any CPU
		{76503EB8-27A0-49CE-86E8-726B5A270C9D}.Debug|x64.Build.0 = Debug|Any CPU
		{76503EB8-27A0-49CE-86E8-726B5A270C9D}.Debug|x86.ActiveCfg = Debug|Any CPU
		{76503EB8-27A0-49CE-86E8-726B5A270C9D}.Debug|x86.Build.0 = Debug|Any CPU
		{76503EB8-27A0-49CE-86E8-726B5A270C9D}.Release|Any CPU.ActiveCfg = Release|Any CPU
		{76503EB8-27A0-49CE-86E8-726B5A270C9D}.Release|Any CPU.Build.0 = Release|Any CPU
		{76503EB8-27A0-49CE-86E8-726B5A270C9D}.Release|x64.ActiveCfg = Release|Any CPU
		{76503EB8-27A0-49CE-86E8-726B5A270C9D}.Release|x64.Build.0 = Release|Any CPU
		{76503EB8-27A0-49CE-86E8-726B5A270C9D}.Release|x86.ActiveCfg = Release|Any CPU
		{76503EB8-27A0-49CE-86E8-726B5A270C9D}.Release|x86.Build.0 = Release|Any CPU
		{1B7EF1FD-82D1-494E-A381-4B94C0465D9C}.Debug|Any CPU.ActiveCfg = Debug|Any CPU
		{1B7EF1FD-82D1-494E-A381-4B94C0465D9C}.Debug|Any CPU.Build.0 = Debug|Any CPU
		{1B7EF1FD-82D1-494E-A381-4B94C0465D9C}.Debug|x64.ActiveCfg = Debug|Any CPU
		{1B7EF1FD-82D1-494E-A381-4B94C0465D9C}.Debug|x64.Build.0 = Debug|Any CPU
		{1B7EF1FD-82D1-494E-A381-4B94C0465D9C}.Debug|x86.ActiveCfg = Debug|Any CPU
		{1B7EF1FD-82D1-494E-A381-4B94C0465D9C}.Debug|x86.Build.0 = Debug|Any CPU
		{1B7EF1FD-82D1-494E-A381-4B94C0465D9C}.Release|Any CPU.ActiveCfg = Release|Any CPU
		{1B7EF1FD-82D1-494E-A381-4B94C0465D9C}.Release|Any CPU.Build.0 = Release|Any CPU
		{1B7EF1FD-82D1-494E-A381-4B94C0465D9C}.Release|x64.ActiveCfg = Release|Any CPU
		{1B7EF1FD-82D1-494E-A381-4B94C0465D9C}.Release|x64.Build.0 = Release|Any CPU
		{1B7EF1FD-82D1-494E-A381-4B94C0465D9C}.Release|x86.ActiveCfg = Release|Any CPU
		{1B7EF1FD-82D1-494E-A381-4B94C0465D9C}.Release|x86.Build.0 = Release|Any CPU
		{53DBF5A4-0B6E-4FF8-909D-0FF306751C60}.Debug|Any CPU.ActiveCfg = Debug|Any CPU
		{53DBF5A4-0B6E-4FF8-909D-0FF306751C60}.Debug|Any CPU.Build.0 = Debug|Any CPU
		{53DBF5A4-0B6E-4FF8-909D-0FF306751C60}.Debug|x64.ActiveCfg = Debug|Any CPU
		{53DBF5A4-0B6E-4FF8-909D-0FF306751C60}.Debug|x64.Build.0 = Debug|Any CPU
		{53DBF5A4-0B6E-4FF8-909D-0FF306751C60}.Debug|x86.ActiveCfg = Debug|Any CPU
		{53DBF5A4-0B6E-4FF8-909D-0FF306751C60}.Debug|x86.Build.0 = Debug|Any CPU
		{53DBF5A4-0B6E-4FF8-909D-0FF306751C60}.Release|Any CPU.ActiveCfg = Release|Any CPU
		{53DBF5A4-0B6E-4FF8-909D-0FF306751C60}.Release|Any CPU.Build.0 = Release|Any CPU
		{53DBF5A4-0B6E-4FF8-909D-0FF306751C60}.Release|x64.ActiveCfg = Release|Any CPU
		{53DBF5A4-0B6E-4FF8-909D-0FF306751C60}.Release|x64.Build.0 = Release|Any CPU
		{53DBF5A4-0B6E-4FF8-909D-0FF306751C60}.Release|x86.ActiveCfg = Release|Any CPU
		{53DBF5A4-0B6E-4FF8-909D-0FF306751C60}.Release|x86.Build.0 = Release|Any CPU
	EndGlobalSection
	GlobalSection(SolutionProperties) = preSolution
		HideSolutionNode = FALSE
	EndGlobalSection
	GlobalSection(NestedProjects) = preSolution
		{706FD81A-CF12-4A64-8CD6-003578AABCA3} = {93D7EE53-F1D6-4794-92F9-E8DF8908DC9F}
		{B518A8CC-69DD-4D9D-A9BB-5B124E02EEC4} = {93D7EE53-F1D6-4794-92F9-E8DF8908DC9F}
		{633F684F-8B51-4703-94E6-F5464CE2026C} = {93D7EE53-F1D6-4794-92F9-E8DF8908DC9F}
		{DA967643-64DA-4DB8-A247-72F4343A1DA1} = {93D7EE53-F1D6-4794-92F9-E8DF8908DC9F}
		{93D7EE53-F1D6-4794-92F9-E8DF8908DC9F} = {FCB8400B-DE65-4C00-94E8-8964AA2ECF0B}
		{8BA1DC7F-09EF-4283-9C09-BA172792321A} = {FCB8400B-DE65-4C00-94E8-8964AA2ECF0B}
		{8BA87BD9-A9E6-450D-8E48-004624425D45} = {FCB8400B-DE65-4C00-94E8-8964AA2ECF0B}
		{819815AE-4A59-4A1C-BE0C-D69BFC89E8CD} = {FCB8400B-DE65-4C00-94E8-8964AA2ECF0B}
		{0CA9FFB2-2026-4804-B11C-16F5751A4C1E} = {FCB8400B-DE65-4C00-94E8-8964AA2ECF0B}
		{40FE6400-7AE6-49CC-892A-394531AE1782} = {FCB8400B-DE65-4C00-94E8-8964AA2ECF0B}
		{5881CA6C-93A1-4A1F-A305-8F124B521324} = {FCB8400B-DE65-4C00-94E8-8964AA2ECF0B}
		{DD7909CA-200E-4CB8-9EA0-CAA21A74D950} = {760AE7BD-53FC-40E8-867B-57C5677090F2}
		{2A32E159-8FE1-4984-968B-3AAF1C7933E5} = {760AE7BD-53FC-40E8-867B-57C5677090F2}
		{09ED9368-11F5-4F81-8262-AC64CC62840C} = {760AE7BD-53FC-40E8-867B-57C5677090F2}
		{1B72ABB5-420B-4DEF-91D0-58A8CE95D5B1} = {760AE7BD-53FC-40E8-867B-57C5677090F2}
		{8F0A560B-C2A5-43BC-9C7C-2B903EEC8815} = {760AE7BD-53FC-40E8-867B-57C5677090F2}
		{B10600AB-100A-4396-9073-0013C69783EE} = {760AE7BD-53FC-40E8-867B-57C5677090F2}
		{93D7EE53-F1D6-4794-92F9-E8DF8908DC9F} = {FCB8400B-DE65-4C00-94E8-8964AA2ECF0B}
		{8BA1DC7F-09EF-4283-9C09-BA172792321A} = {FCB8400B-DE65-4C00-94E8-8964AA2ECF0B}
		{8BA87BD9-A9E6-450D-8E48-004624425D45} = {FCB8400B-DE65-4C00-94E8-8964AA2ECF0B}
		{819815AE-4A59-4A1C-BE0C-D69BFC89E8CD} = {FCB8400B-DE65-4C00-94E8-8964AA2ECF0B}
		{0CA9FFB2-2026-4804-B11C-16F5751A4C1E} = {FCB8400B-DE65-4C00-94E8-8964AA2ECF0B}
		{40FE6400-7AE6-49CC-892A-394531AE1782} = {FCB8400B-DE65-4C00-94E8-8964AA2ECF0B}
		{5881CA6C-93A1-4A1F-A305-8F124B521324} = {FCB8400B-DE65-4C00-94E8-8964AA2ECF0B}
		{DD7909CA-200E-4CB8-9EA0-CAA21A74D950} = {760AE7BD-53FC-40E8-867B-57C5677090F2}
		{2A32E159-8FE1-4984-968B-3AAF1C7933E5} = {760AE7BD-53FC-40E8-867B-57C5677090F2}
		{09ED9368-11F5-4F81-8262-AC64CC62840C} = {760AE7BD-53FC-40E8-867B-57C5677090F2}
		{1B72ABB5-420B-4DEF-91D0-58A8CE95D5B1} = {760AE7BD-53FC-40E8-867B-57C5677090F2}
		{8F0A560B-C2A5-43BC-9C7C-2B903EEC8815} = {760AE7BD-53FC-40E8-867B-57C5677090F2}
		{B10600AB-100A-4396-9073-0013C69783EE} = {760AE7BD-53FC-40E8-867B-57C5677090F2}
		{92A17123-89C0-42A3-8150-76CD13038FE3} = {A319F394-36D7-4357-ABCD-842C24B7381B}
		{76503EB8-27A0-49CE-86E8-726B5A270C9D} = {A319F394-36D7-4357-ABCD-842C24B7381B}
		{1B7EF1FD-82D1-494E-A381-4B94C0465D9C} = {A319F394-36D7-4357-ABCD-842C24B7381B}
		{53DBF5A4-0B6E-4FF8-909D-0FF306751C60} = {A319F394-36D7-4357-ABCD-842C24B7381B}
	EndGlobalSection
	GlobalSection(ExtensibilityGlobals) = postSolution
		SolutionGuid = {93630835-1CE2-4464-8098-470B7C329D1A}
	EndGlobalSection
EndGlobal
